
Microsoft Visual Studio Solution File, Format Version 12.00
# Visual Studio 2012
Project("{FAE04EC0-301F-11D3-BF4B-00C04F79EFBC}") = "3D Space", "3D Space\3D Space.csproj", "{0DC88BEE-F4C1-4271-9CDC-CE0A1CABE301}"
EndProject
Project("{FAE04EC0-301F-11D3-BF4B-00C04F79EFBC}") = "Generic", "Generic\Generic.csproj", "{C7459CEE-1117-45B9-9EBD-45CEFC2D079C}"
EndProject
Project("{FAE04EC0-301F-11D3-BF4B-00C04F79EFBC}") = "Attribute", "Attribute\Attribute.csproj", "{758B58A7-7361-4AF1-942D-740C97B77ED0}"
EndProject
Global
	GlobalSection(SolutionConfigurationPlatforms) = preSolution
		Debug|Any CPU = Debug|Any CPU
		Release|Any CPU = Release|Any CPU
	EndGlobalSection
	GlobalSection(ProjectConfigurationPlatforms) = postSolution
		{0DC88BEE-F4C1-4271-9CDC-CE0A1CABE301}.Debug|Any CPU.ActiveCfg = Debug|Any CPU
		{0DC88BEE-F4C1-4271-9CDC-CE0A1CABE301}.Debug|Any CPU.Build.0 = Debug|Any CPU
		{0DC88BEE-F4C1-4271-9CDC-CE0A1CABE301}.Release|Any CPU.ActiveCfg = Release|Any CPU
		{0DC88BEE-F4C1-4271-9CDC-CE0A1CABE301}.Release|Any CPU.Build.0 = Release|Any CPU
		{C7459CEE-1117-45B9-9EBD-45CEFC2D079C}.Debug|Any CPU.ActiveCfg = Debug|Any CPU
		{C7459CEE-1117-45B9-9EBD-45CEFC2D079C}.Debug|Any CPU.Build.0 = Debug|Any CPU
		{C7459CEE-1117-45B9-9EBD-45CEFC2D079C}.Release|Any CPU.ActiveCfg = Release|Any CPU
		{C7459CEE-1117-45B9-9EBD-45CEFC2D079C}.Release|Any CPU.Build.0 = Release|Any CPU
		{758B58A7-7361-4AF1-942D-740C97B77ED0}.Debug|Any CPU.ActiveCfg = Debug|Any CPU
		{758B58A7-7361-4AF1-942D-740C97B77ED0}.Debug|Any CPU.Build.0 = Debug|Any CPU
		{758B58A7-7361-4AF1-942D-740C97B77ED0}.Release|Any CPU.ActiveCfg = Release|Any CPU
		{758B58A7-7361-4AF1-942D-740C97B77ED0}.Release|Any CPU.Build.0 = Release|Any CPU
	EndGlobalSection
	GlobalSection(SolutionProperties) = preSolution
		HideSolutionNode = FALSE
	EndGlobalSection
EndGlobal
