
Microsoft Visual Studio Solution File, Format Version 12.00
# Visual Studio 2012
Project("{FAE04EC0-301F-11D3-BF4B-00C04F79EFBC}") = "01. Shapes", "Shapes\01. Shapes.csproj", "{BF1D5E96-484A-4E45-AE46-A607202641F7}"
EndProject
Project("{FAE04EC0-301F-11D3-BF4B-00C04F79EFBC}") = "02. Bank", "Bank\02. Bank.csproj", "{B6113599-7594-4743-B4E8-B33C7124EF7E}"
EndProject
Project("{FAE04EC0-301F-11D3-BF4B-00C04F79EFBC}") = "03. Exception", "Exception\03. Exception.csproj", "{56714829-8FEE-4D9D-AB8D-0D96F4D9AFF7}"
EndProject
Global
	GlobalSection(SolutionConfigurationPlatforms) = preSolution
		Debug|Any CPU = Debug|Any CPU
		Release|Any CPU = Release|Any CPU
	EndGlobalSection
	GlobalSection(ProjectConfigurationPlatforms) = postSolution
		{BF1D5E96-484A-4E45-AE46-A607202641F7}.Debug|Any CPU.ActiveCfg = Debug|Any CPU
		{BF1D5E96-484A-4E45-AE46-A607202641F7}.Debug|Any CPU.Build.0 = Debug|Any CPU
		{BF1D5E96-484A-4E45-AE46-A607202641F7}.Release|Any CPU.ActiveCfg = Release|Any CPU
		{BF1D5E96-484A-4E45-AE46-A607202641F7}.Release|Any CPU.Build.0 = Release|Any CPU
		{B6113599-7594-4743-B4E8-B33C7124EF7E}.Debug|Any CPU.ActiveCfg = Debug|Any CPU
		{B6113599-7594-4743-B4E8-B33C7124EF7E}.Debug|Any CPU.Build.0 = Debug|Any CPU
		{B6113599-7594-4743-B4E8-B33C7124EF7E}.Release|Any CPU.ActiveCfg = Release|Any CPU
		{B6113599-7594-4743-B4E8-B33C7124EF7E}.Release|Any CPU.Build.0 = Release|Any CPU
		{56714829-8FEE-4D9D-AB8D-0D96F4D9AFF7}.Debug|Any CPU.ActiveCfg = Debug|Any CPU
		{56714829-8FEE-4D9D-AB8D-0D96F4D9AFF7}.Debug|Any CPU.Build.0 = Debug|Any CPU
		{56714829-8FEE-4D9D-AB8D-0D96F4D9AFF7}.Release|Any CPU.ActiveCfg = Release|Any CPU
		{56714829-8FEE-4D9D-AB8D-0D96F4D9AFF7}.Release|Any CPU.Build.0 = Release|Any CPU
	EndGlobalSection
	GlobalSection(SolutionProperties) = preSolution
		HideSolutionNode = FALSE
	EndGlobalSection
EndGlobal
